// !$*UTF8*$!
{
	archiveVersion = 1;
	classes = {
	};
	objectVersion = 52;
	objects = {

/* Begin PBXBuildFile section */
		9214AD5D23F61DDD00CFBF08 /* AppDelegate.swift in Sources */ = {isa = PBXBuildFile; fileRef = 9214AD5C23F61DDD00CFBF08 /* AppDelegate.swift */; };
		9214AD5F23F61DDD00CFBF08 /* SceneDelegate.swift in Sources */ = {isa = PBXBuildFile; fileRef = 9214AD5E23F61DDD00CFBF08 /* SceneDelegate.swift */; };
		9214AD6323F61DE000CFBF08 /* Assets.xcassets in Resources */ = {isa = PBXBuildFile; fileRef = 9214AD6223F61DE000CFBF08 /* Assets.xcassets */; };
		9214AD6623F61DE000CFBF08 /* Preview Assets.xcassets in Resources */ = {isa = PBXBuildFile; fileRef = 9214AD6523F61DE000CFBF08 /* Preview Assets.xcassets */; };
		9214AD6923F61DE000CFBF08 /* LaunchScreen.storyboard in Resources */ = {isa = PBXBuildFile; fileRef = 9214AD6723F61DE000CFBF08 /* LaunchScreen.storyboard */; };
		929E26E523F7B16700267CF5 /* SociallyMusicService in Frameworks */ = {isa = PBXBuildFile; productRef = 929E26E423F7B16700267CF5 /* SociallyMusicService */; };
		929E26E723F9CEE300267CF5 /* MainTabView.swift in Sources */ = {isa = PBXBuildFile; fileRef = 929E26E623F9CEE300267CF5 /* MainTabView.swift */; };
		929E26E923F9D01200267CF5 /* PlaylistView.swift in Sources */ = {isa = PBXBuildFile; fileRef = 929E26E823F9D01200267CF5 /* PlaylistView.swift */; };
		929E26EB23F9D01F00267CF5 /* TopTrackView.swift in Sources */ = {isa = PBXBuildFile; fileRef = 929E26EA23F9D01F00267CF5 /* TopTrackView.swift */; };
		929E26ED23F9D03500267CF5 /* TopArtistView.swift in Sources */ = {isa = PBXBuildFile; fileRef = 929E26EC23F9D03500267CF5 /* TopArtistView.swift */; };
		929E26EF23F9D0E400267CF5 /* CurrentlyPlayingView.swift in Sources */ = {isa = PBXBuildFile; fileRef = 929E26EE23F9D0E400267CF5 /* CurrentlyPlayingView.swift */; };
		929E26F623F9D99200267CF5 /* ImageWithActivityIndicator in Frameworks */ = {isa = PBXBuildFile; productRef = 929E26F523F9D99200267CF5 /* ImageWithActivityIndicator */; };
		929E26FA23FA467800267CF5 /* RecentlyPlayedView.swift in Sources */ = {isa = PBXBuildFile; fileRef = 929E26F923FA467800267CF5 /* RecentlyPlayedView.swift */; };
		929E26FC23FAE79A00267CF5 /* Constants.swift in Sources */ = {isa = PBXBuildFile; fileRef = 929E26FB23FAE79A00267CF5 /* Constants.swift */; };
/* End PBXBuildFile section */

/* Begin PBXFileReference section */
		9214AD5923F61DDD00CFBF08 /* SociallyMusicServiceDemo.app */ = {isa = PBXFileReference; explicitFileType = wrapper.application; includeInIndex = 0; path = SociallyMusicServiceDemo.app; sourceTree = BUILT_PRODUCTS_DIR; };
		9214AD5C23F61DDD00CFBF08 /* AppDelegate.swift */ = {isa = PBXFileReference; lastKnownFileType = sourcecode.swift; path = AppDelegate.swift; sourceTree = "<group>"; };
		9214AD5E23F61DDD00CFBF08 /* SceneDelegate.swift */ = {isa = PBXFileReference; lastKnownFileType = sourcecode.swift; path = SceneDelegate.swift; sourceTree = "<group>"; };
		9214AD6223F61DE000CFBF08 /* Assets.xcassets */ = {isa = PBXFileReference; lastKnownFileType = folder.assetcatalog; path = Assets.xcassets; sourceTree = "<group>"; };
		9214AD6523F61DE000CFBF08 /* Preview Assets.xcassets */ = {isa = PBXFileReference; lastKnownFileType = folder.assetcatalog; path = "Preview Assets.xcassets"; sourceTree = "<group>"; };
		9214AD6823F61DE000CFBF08 /* Base */ = {isa = PBXFileReference; lastKnownFileType = file.storyboard; name = Base; path = Base.lproj/LaunchScreen.storyboard; sourceTree = "<group>"; };
		9214AD6A23F61DE000CFBF08 /* Info.plist */ = {isa = PBXFileReference; lastKnownFileType = text.plist.xml; path = Info.plist; sourceTree = "<group>"; };
		929E26E623F9CEE300267CF5 /* MainTabView.swift */ = {isa = PBXFileReference; lastKnownFileType = sourcecode.swift; path = MainTabView.swift; sourceTree = "<group>"; };
		929E26E823F9D01200267CF5 /* PlaylistView.swift */ = {isa = PBXFileReference; lastKnownFileType = sourcecode.swift; path = PlaylistView.swift; sourceTree = "<group>"; };
		929E26EA23F9D01F00267CF5 /* TopTrackView.swift */ = {isa = PBXFileReference; lastKnownFileType = sourcecode.swift; path = TopTrackView.swift; sourceTree = "<group>"; };
		929E26EC23F9D03500267CF5 /* TopArtistView.swift */ = {isa = PBXFileReference; lastKnownFileType = sourcecode.swift; path = TopArtistView.swift; sourceTree = "<group>"; };
		929E26EE23F9D0E400267CF5 /* CurrentlyPlayingView.swift */ = {isa = PBXFileReference; lastKnownFileType = sourcecode.swift; path = CurrentlyPlayingView.swift; sourceTree = "<group>"; };
		929E26F923FA467800267CF5 /* RecentlyPlayedView.swift */ = {isa = PBXFileReference; lastKnownFileType = sourcecode.swift; path = RecentlyPlayedView.swift; sourceTree = "<group>"; };
		929E26FB23FAE79A00267CF5 /* Constants.swift */ = {isa = PBXFileReference; lastKnownFileType = sourcecode.swift; path = Constants.swift; sourceTree = "<group>"; };
/* End PBXFileReference section */

/* Begin PBXFrameworksBuildPhase section */
		9214AD5623F61DDD00CFBF08 /* Frameworks */ = {
			isa = PBXFrameworksBuildPhase;
			buildActionMask = 2147483647;
			files = (
				929E26E523F7B16700267CF5 /* SociallyMusicService in Frameworks */,
				929E26F623F9D99200267CF5 /* ImageWithActivityIndicator in Frameworks */,
			);
			runOnlyForDeploymentPostprocessing = 0;
		};
/* End PBXFrameworksBuildPhase section */

/* Begin PBXGroup section */
		9214AD5023F61DDD00CFBF08 = {
			isa = PBXGroup;
			children = (
				9214AD5B23F61DDD00CFBF08 /* SociallyMusicServiceDemo */,
				9214AD5A23F61DDD00CFBF08 /* Products */,
			);
			sourceTree = "<group>";
		};
		9214AD5A23F61DDD00CFBF08 /* Products */ = {
			isa = PBXGroup;
			children = (
				9214AD5923F61DDD00CFBF08 /* SociallyMusicServiceDemo.app */,
			);
			name = Products;
			sourceTree = "<group>";
		};
		9214AD5B23F61DDD00CFBF08 /* SociallyMusicServiceDemo */ = {
			isa = PBXGroup;
			children = (
				9214AD5C23F61DDD00CFBF08 /* AppDelegate.swift */,
				9214AD5E23F61DDD00CFBF08 /* SceneDelegate.swift */,
				9214AD6223F61DE000CFBF08 /* Assets.xcassets */,
				9214AD6723F61DE000CFBF08 /* LaunchScreen.storyboard */,
				9214AD6A23F61DE000CFBF08 /* Info.plist */,
				9214AD6423F61DE000CFBF08 /* Preview Content */,
				929E26FB23FAE79A00267CF5 /* Constants.swift */,
				929E26EE23F9D0E400267CF5 /* CurrentlyPlayingView.swift */,
				929E26E623F9CEE300267CF5 /* MainTabView.swift */,
				929E26E823F9D01200267CF5 /* PlaylistView.swift */,
				929E26F923FA467800267CF5 /* RecentlyPlayedView.swift */,
				929E26EA23F9D01F00267CF5 /* TopTrackView.swift */,
				929E26EC23F9D03500267CF5 /* TopArtistView.swift */,
			);
			path = SociallyMusicServiceDemo;
			sourceTree = "<group>";
		};
		9214AD6423F61DE000CFBF08 /* Preview Content */ = {
			isa = PBXGroup;
			children = (
				9214AD6523F61DE000CFBF08 /* Preview Assets.xcassets */,
			);
			path = "Preview Content";
			sourceTree = "<group>";
		};
/* End PBXGroup section */

/* Begin PBXNativeTarget section */
		9214AD5823F61DDD00CFBF08 /* SociallyMusicServiceDemo */ = {
			isa = PBXNativeTarget;
			buildConfigurationList = 9214AD6D23F61DE000CFBF08 /* Build configuration list for PBXNativeTarget "SociallyMusicServiceDemo" */;
			buildPhases = (
				9214AD5523F61DDD00CFBF08 /* Sources */,
				9214AD5623F61DDD00CFBF08 /* Frameworks */,
				9214AD5723F61DDD00CFBF08 /* Resources */,
			);
			buildRules = (
			);
			dependencies = (
			);
			name = SociallyMusicServiceDemo;
			packageProductDependencies = (
				929E26E423F7B16700267CF5 /* SociallyMusicService */,
				929E26F523F9D99200267CF5 /* ImageWithActivityIndicator */,
			);
			productName = SociallyMusicServiceDemo;
			productReference = 9214AD5923F61DDD00CFBF08 /* SociallyMusicServiceDemo.app */;
			productType = "com.apple.product-type.application";
		};
/* End PBXNativeTarget section */

/* Begin PBXProject section */
		9214AD5123F61DDD00CFBF08 /* Project object */ = {
			isa = PBXProject;
			attributes = {
				LastSwiftUpdateCheck = 1130;
				LastUpgradeCheck = 1130;
				ORGANIZATIONNAME = "Zach McGuckin";
				TargetAttributes = {
					9214AD5823F61DDD00CFBF08 = {
						CreatedOnToolsVersion = 11.3.1;
					};
				};
			};
			buildConfigurationList = 9214AD5423F61DDD00CFBF08 /* Build configuration list for PBXProject "SociallyMusicServiceDemo" */;
			compatibilityVersion = "Xcode 9.3";
			developmentRegion = en;
			hasScannedForEncodings = 0;
			knownRegions = (
				en,
				Base,
			);
			mainGroup = 9214AD5023F61DDD00CFBF08;
			packageReferences = (
				929E26E323F7B16700267CF5 /* XCRemoteSwiftPackageReference "SociallyMusicService" */,
				929E26F423F9D99200267CF5 /* XCRemoteSwiftPackageReference "ImageWithActivityIndicator" */,
			);
			productRefGroup = 9214AD5A23F61DDD00CFBF08 /* Products */;
			projectDirPath = "";
			projectRoot = "";
			targets = (
				9214AD5823F61DDD00CFBF08 /* SociallyMusicServiceDemo */,
			);
		};
/* End PBXProject section */

/* Begin PBXResourcesBuildPhase section */
		9214AD5723F61DDD00CFBF08 /* Resources */ = {
			isa = PBXResourcesBuildPhase;
			buildActionMask = 2147483647;
			files = (
				9214AD6923F61DE000CFBF08 /* LaunchScreen.storyboard in Resources */,
				9214AD6623F61DE000CFBF08 /* Preview Assets.xcassets in Resources */,
				9214AD6323F61DE000CFBF08 /* Assets.xcassets in Resources */,
			);
			runOnlyForDeploymentPostprocessing = 0;
		};
/* End PBXResourcesBuildPhase section */

/* Begin PBXSourcesBuildPhase section */
		9214AD5523F61DDD00CFBF08 /* Sources */ = {
			isa = PBXSourcesBuildPhase;
			buildActionMask = 2147483647;
			files = (
				929E26EB23F9D01F00267CF5 /* TopTrackView.swift in Sources */,
				9214AD5D23F61DDD00CFBF08 /* AppDelegate.swift in Sources */,
				9214AD5F23F61DDD00CFBF08 /* SceneDelegate.swift in Sources */,
				929E26FA23FA467800267CF5 /* RecentlyPlayedView.swift in Sources */,
				929E26E723F9CEE300267CF5 /* MainTabView.swift in Sources */,
				929E26E923F9D01200267CF5 /* PlaylistView.swift in Sources */,
				929E26EF23F9D0E400267CF5 /* CurrentlyPlayingView.swift in Sources */,
				929E26ED23F9D03500267CF5 /* TopArtistView.swift in Sources */,
				929E26FC23FAE79A00267CF5 /* Constants.swift in Sources */,
			);
			runOnlyForDeploymentPostprocessing = 0;
		};
/* End PBXSourcesBuildPhase section */

/* Begin PBXVariantGroup section */
		9214AD6723F61DE000CFBF08 /* LaunchScreen.storyboard */ = {
			isa = PBXVariantGroup;
			children = (
				9214AD6823F61DE000CFBF08 /* Base */,
			);
			name = LaunchScreen.storyboard;
			sourceTree = "<group>";
		};
/* End PBXVariantGroup section */

/* Begin XCBuildConfiguration section */
		9214AD6B23F61DE000CFBF08 /* Debug */ = {
			isa = XCBuildConfiguration;
			buildSettings = {
				ALWAYS_SEARCH_USER_PATHS = NO;
				CLANG_ANALYZER_NONNULL = YES;
				CLANG_ANALYZER_NUMBER_OBJECT_CONVERSION = YES_AGGRESSIVE;
				CLANG_CXX_LANGUAGE_STANDARD = "gnu++14";
				CLANG_CXX_LIBRARY = "libc++";
				CLANG_ENABLE_MODULES = YES;
				CLANG_ENABLE_OBJC_ARC = YES;
				CLANG_ENABLE_OBJC_WEAK = YES;
				CLANG_WARN_BLOCK_CAPTURE_AUTORELEASING = YES;
				CLANG_WARN_BOOL_CONVERSION = YES;
				CLANG_WARN_COMMA = YES;
				CLANG_WARN_CONSTANT_CONVERSION = YES;
				CLANG_WARN_DEPRECATED_OBJC_IMPLEMENTATIONS = YES;
				CLANG_WARN_DIRECT_OBJC_ISA_USAGE = YES_ERROR;
				CLANG_WARN_DOCUMENTATION_COMMENTS = YES;
				CLANG_WARN_EMPTY_BODY = YES;
				CLANG_WARN_ENUM_CONVERSION = YES;
				CLANG_WARN_INFINITE_RECURSION = YES;
				CLANG_WARN_INT_CONVERSION = YES;
				CLANG_WARN_NON_LITERAL_NULL_CONVERSION = YES;
				CLANG_WARN_OBJC_IMPLICIT_RETAIN_SELF = YES;
				CLANG_WARN_OBJC_LITERAL_CONVERSION = YES;
				CLANG_WARN_OBJC_ROOT_CLASS = YES_ERROR;
				CLANG_WARN_RANGE_LOOP_ANALYSIS = YES;
				CLANG_WARN_STRICT_PROTOTYPES = YES;
				CLANG_WARN_SUSPICIOUS_MOVE = YES;
				CLANG_WARN_UNGUARDED_AVAILABILITY = YES_AGGRESSIVE;
				CLANG_WARN_UNREACHABLE_CODE = YES;
				CLANG_WARN__DUPLICATE_METHOD_MATCH = YES;
				COPY_PHASE_STRIP = NO;
				DEBUG_INFORMATION_FORMAT = dwarf;
				ENABLE_STRICT_OBJC_MSGSEND = YES;
				ENABLE_TESTABILITY = YES;
				GCC_C_LANGUAGE_STANDARD = gnu11;
				GCC_DYNAMIC_NO_PIC = NO;
				GCC_NO_COMMON_BLOCKS = YES;
				GCC_OPTIMIZATION_LEVEL = 0;
				GCC_PREPROCESSOR_DEFINITIONS = (
					"DEBUG=1",
					"$(inherited)",
				);
				GCC_WARN_64_TO_32_BIT_CONVERSION = YES;
				GCC_WARN_ABOUT_RETURN_TYPE = YES_ERROR;
				GCC_WARN_UNDECLARED_SELECTOR = YES;
				GCC_WARN_UNINITIALIZED_AUTOS = YES_AGGRESSIVE;
				GCC_WARN_UNUSED_FUNCTION = YES;
				GCC_WARN_UNUSED_VARIABLE = YES;
				IPHONEOS_DEPLOYMENT_TARGET = 13.2;
				MTL_ENABLE_DEBUG_INFO = INCLUDE_SOURCE;
				MTL_FAST_MATH = YES;
				ONLY_ACTIVE_ARCH = YES;
				SDKROOT = iphoneos;
				SWIFT_ACTIVE_COMPILATION_CONDITIONS = DEBUG;
				SWIFT_OPTIMIZATION_LEVEL = "-Onone";
			};
			name = Debug;
		};
		9214AD6C23F61DE000CFBF08 /* Release */ = {
			isa = XCBuildConfiguration;
			buildSettings = {
				ALWAYS_SEARCH_USER_PATHS = NO;
				CLANG_ANALYZER_NONNULL = YES;
				CLANG_ANALYZER_NUMBER_OBJECT_CONVERSION = YES_AGGRESSIVE;
				CLANG_CXX_LANGUAGE_STANDARD = "gnu++14";
				CLANG_CXX_LIBRARY = "libc++";
				CLANG_ENABLE_MODULES = YES;
				CLANG_ENABLE_OBJC_ARC = YES;
				CLANG_ENABLE_OBJC_WEAK = YES;
				CLANG_WARN_BLOCK_CAPTURE_AUTORELEASING = YES;
				CLANG_WARN_BOOL_CONVERSION = YES;
				CLANG_WARN_COMMA = YES;
				CLANG_WARN_CONSTANT_CONVERSION = YES;
				CLANG_WARN_DEPRECATED_OBJC_IMPLEMENTATIONS = YES;
				CLANG_WARN_DIRECT_OBJC_ISA_USAGE = YES_ERROR;
				CLANG_WARN_DOCUMENTATION_COMMENTS = YES;
				CLANG_WARN_EMPTY_BODY = YES;
				CLANG_WARN_ENUM_CONVERSION = YES;
				CLANG_WARN_INFINITE_RECURSION = YES;
				CLANG_WARN_INT_CONVERSION = YES;
				CLANG_WARN_NON_LITERAL_NULL_CONVERSION = YES;
				CLANG_WARN_OBJC_IMPLICIT_RETAIN_SELF = YES;
				CLANG_WARN_OBJC_LITERAL_CONVERSION = YES;
				CLANG_WARN_OBJC_ROOT_CLASS = YES_ERROR;
				CLANG_WARN_RANGE_LOOP_ANALYSIS = YES;
				CLANG_WARN_STRICT_PROTOTYPES = YES;
				CLANG_WARN_SUSPICIOUS_MOVE = YES;
				CLANG_WARN_UNGUARDED_AVAILABILITY = YES_AGGRESSIVE;
				CLANG_WARN_UNREACHABLE_CODE = YES;
				CLANG_WARN__DUPLICATE_METHOD_MATCH = YES;
				COPY_PHASE_STRIP = NO;
				DEBUG_INFORMATION_FORMAT = "dwarf-with-dsym";
				ENABLE_NS_ASSERTIONS = NO;
				ENABLE_STRICT_OBJC_MSGSEND = YES;
				GCC_C_LANGUAGE_STANDARD = gnu11;
				GCC_NO_COMMON_BLOCKS = YES;
				GCC_WARN_64_TO_32_BIT_CONVERSION = YES;
				GCC_WARN_ABOUT_RETURN_TYPE = YES_ERROR;
				GCC_WARN_UNDECLARED_SELECTOR = YES;
				GCC_WARN_UNINITIALIZED_AUTOS = YES_AGGRESSIVE;
				GCC_WARN_UNUSED_FUNCTION = YES;
				GCC_WARN_UNUSED_VARIABLE = YES;
				IPHONEOS_DEPLOYMENT_TARGET = 13.2;
				MTL_ENABLE_DEBUG_INFO = NO;
				MTL_FAST_MATH = YES;
				SDKROOT = iphoneos;
				SWIFT_COMPILATION_MODE = wholemodule;
				SWIFT_OPTIMIZATION_LEVEL = "-O";
				VALIDATE_PRODUCT = YES;
			};
			name = Release;
		};
		9214AD6E23F61DE000CFBF08 /* Debug */ = {
			isa = XCBuildConfiguration;
			buildSettings = {
				ASSETCATALOG_COMPILER_APPICON_NAME = AppIcon;
				CODE_SIGN_STYLE = Automatic;
				DEVELOPMENT_ASSET_PATHS = "\"SociallyMusicServiceDemo/Preview Content\"";
				DEVELOPMENT_TEAM = RHQR56U62Z;
				ENABLE_PREVIEWS = YES;
				INFOPLIST_FILE = SociallyMusicServiceDemo/Info.plist;
				IPHONEOS_DEPLOYMENT_TARGET = 13.0;
				LD_RUNPATH_SEARCH_PATHS = (
					"$(inherited)",
					"@executable_path/Frameworks",
				);
				PRODUCT_BUNDLE_IDENTIFIER = com.onedgeinnovation.SociallyMusicServiceDemo;
				PRODUCT_NAME = "$(TARGET_NAME)";
				SWIFT_VERSION = 5.0;
				TARGETED_DEVICE_FAMILY = "1,2";
			};
			name = Debug;
		};
		9214AD6F23F61DE000CFBF08 /* Release */ = {
			isa = XCBuildConfiguration;
			buildSettings = {
				ASSETCATALOG_COMPILER_APPICON_NAME = AppIcon;
				CODE_SIGN_STYLE = Automatic;
				DEVELOPMENT_ASSET_PATHS = "\"SociallyMusicServiceDemo/Preview Content\"";
				DEVELOPMENT_TEAM = RHQR56U62Z;
				ENABLE_PREVIEWS = YES;
				INFOPLIST_FILE = SociallyMusicServiceDemo/Info.plist;
				IPHONEOS_DEPLOYMENT_TARGET = 13.0;
				LD_RUNPATH_SEARCH_PATHS = (
					"$(inherited)",
					"@executable_path/Frameworks",
				);
				PRODUCT_BUNDLE_IDENTIFIER = com.onedgeinnovation.SociallyMusicServiceDemo;
				PRODUCT_NAME = "$(TARGET_NAME)";
				SWIFT_VERSION = 5.0;
				TARGETED_DEVICE_FAMILY = "1,2";
			};
			name = Release;
		};
/* End XCBuildConfiguration section */

/* Begin XCConfigurationList section */
		9214AD5423F61DDD00CFBF08 /* Build configuration list for PBXProject "SociallyMusicServiceDemo" */ = {
			isa = XCConfigurationList;
			buildConfigurations = (
				9214AD6B23F61DE000CFBF08 /* Debug */,
				9214AD6C23F61DE000CFBF08 /* Release */,
			);
			defaultConfigurationIsVisible = 0;
			defaultConfigurationName = Release;
		};
		9214AD6D23F61DE000CFBF08 /* Build configuration list for PBXNativeTarget "SociallyMusicServiceDemo" */ = {
			isa = XCConfigurationList;
			buildConfigurations = (
				9214AD6E23F61DE000CFBF08 /* Debug */,
				9214AD6F23F61DE000CFBF08 /* Release */,
			);
			defaultConfigurationIsVisible = 0;
			defaultConfigurationName = Release;
		};
/* End XCConfigurationList section */

/* Begin XCRemoteSwiftPackageReference section */
		929E26E323F7B16700267CF5 /* XCRemoteSwiftPackageReference "SociallyMusicService" */ = {
			isa = XCRemoteSwiftPackageReference;
			repositoryURL = "https://github.com/OnEdgeInnovation/SociallyMusicService.git";
			requirement = {
				branch = master;
				kind = branch;
			};
		};
		929E26F423F9D99200267CF5 /* XCRemoteSwiftPackageReference "ImageWithActivityIndicator" */ = {
			isa = XCRemoteSwiftPackageReference;
			repositoryURL = "https://github.com/AliAdam/ImageWithActivityIndicator.git";
			requirement = {
				branch = master;
				kind = branch;
			};
		};
/* End XCRemoteSwiftPackageReference section */

/* Begin XCSwiftPackageProductDependency section */
		929E26E423F7B16700267CF5 /* SociallyMusicService */ = {
			isa = XCSwiftPackageProductDependency;
			package = 929E26E323F7B16700267CF5 /* XCRemoteSwiftPackageReference "SociallyMusicService" */;
			productName = SociallyMusicService;
		};
		929E26F523F9D99200267CF5 /* ImageWithActivityIndicator */ = {
			isa = XCSwiftPackageProductDependency;
			package = 929E26F423F9D99200267CF5 /* XCRemoteSwiftPackageReference "ImageWithActivityIndicator" */;
			productName = ImageWithActivityIndicator;
		};
/* End XCSwiftPackageProductDependency section */
	};
	rootObject = 9214AD5123F61DDD00CFBF08 /* Project object */;
}
